
Microsoft Visual Studio Solution File, Format Version 12.00
Project("{FAE04EC0-301F-11D3-BF4B-00C04F79EFBC}") = "Optiaware", "Optiaware\Optiaware.csproj", "{A3AAD0B6-A125-4B83-BFED-628422524A7C}"
EndProject
Global
	GlobalSection(SolutionConfigurationPlatforms) = preSolution
		Debug|Any CPU = Debug|Any CPU
		Release|Any CPU = Release|Any CPU
	EndGlobalSection
	GlobalSection(ProjectConfigurationPlatforms) = postSolution
		{A3AAD0B6-A125-4B83-BFED-628422524A7C}.Debug|Any CPU.ActiveCfg = Debug|Any CPU
		{A3AAD0B6-A125-4B83-BFED-628422524A7C}.Debug|Any CPU.Build.0 = Debug|Any CPU
		{A3AAD0B6-A125-4B83-BFED-628422524A7C}.Release|Any CPU.ActiveCfg = Release|Any CPU
		{A3AAD0B6-A125-4B83-BFED-628422524A7C}.Release|Any CPU.Build.0 = Release|Any CPU
	EndGlobalSection
EndGlobal
